// !$*UTF8*$!
{
	archiveVersion = 1;
	classes = {
	};
	objectVersion = 46;
	objects = {

/* Begin PBXBuildFile section */
		C0D32FD91BC58A18000C92B8 /* AppDelegate.swift in Sources */ = {isa = PBXBuildFile; fileRef = C0D32FD81BC58A18000C92B8 /* AppDelegate.swift */; };
		C0D32FDB1BC58A18000C92B8 /* ViewController.swift in Sources */ = {isa = PBXBuildFile; fileRef = C0D32FDA1BC58A18000C92B8 /* ViewController.swift */; };
		C0D32FDE1BC58A18000C92B8 /* Main.storyboard in Resources */ = {isa = PBXBuildFile; fileRef = C0D32FDC1BC58A18000C92B8 /* Main.storyboard */; };
		C0D32FE01BC58A18000C92B8 /* Assets.xcassets in Resources */ = {isa = PBXBuildFile; fileRef = C0D32FDF1BC58A18000C92B8 /* Assets.xcassets */; };
		C0D32FE31BC58A18000C92B8 /* LaunchScreen.storyboard in Resources */ = {isa = PBXBuildFile; fileRef = C0D32FE11BC58A18000C92B8 /* LaunchScreen.storyboard */; };
		C0D32FEE1BC58A18000C92B8 /* ToDoListTests.swift in Sources */ = {isa = PBXBuildFile; fileRef = C0D32FED1BC58A18000C92B8 /* ToDoListTests.swift */; };
		C0D32FF91BC58A19000C92B8 /* ToDoListUITests.swift in Sources */ = {isa = PBXBuildFile; fileRef = C0D32FF81BC58A19000C92B8 /* ToDoListUITests.swift */; };
		C0D330071BC58AEC000C92B8 /* ToDoList.swift in Sources */ = {isa = PBXBuildFile; fileRef = C0D330061BC58AEC000C92B8 /* ToDoList.swift */; settings = {ASSET_TAGS = (); }; };
		C0D330091BC5EADF000C92B8 /* AddTaskViewController.swift in Sources */ = {isa = PBXBuildFile; fileRef = C0D330081BC5EADF000C92B8 /* AddTaskViewController.swift */; settings = {ASSET_TAGS = (); }; };
/* End PBXBuildFile section */

/* Begin PBXContainerItemProxy section */
		C0D32FEA1BC58A18000C92B8 /* PBXContainerItemProxy */ = {
			isa = PBXContainerItemProxy;
			containerPortal = C0D32FCD1BC58A18000C92B8 /* Project object */;
			proxyType = 1;
			remoteGlobalIDString = C0D32FD41BC58A18000C92B8;
			remoteInfo = ToDoList;
		};
		C0D32FF51BC58A19000C92B8 /* PBXContainerItemProxy */ = {
			isa = PBXContainerItemProxy;
			containerPortal = C0D32FCD1BC58A18000C92B8 /* Project object */;
			proxyType = 1;
			remoteGlobalIDString = C0D32FD41BC58A18000C92B8;
			remoteInfo = ToDoList;
		};
/* End PBXContainerItemProxy section */

/* Begin PBXFileReference section */
		C0D32FD51BC58A18000C92B8 /* ToDoList.app */ = {isa = PBXFileReference; explicitFileType = wrapper.application; includeInIndex = 0; path = ToDoList.app; sourceTree = BUILT_PRODUCTS_DIR; };
		C0D32FD81BC58A18000C92B8 /* AppDelegate.swift */ = {isa = PBXFileReference; lastKnownFileType = sourcecode.swift; path = AppDelegate.swift; sourceTree = "<group>"; };
		C0D32FDA1BC58A18000C92B8 /* ViewController.swift */ = {isa = PBXFileReference; lastKnownFileType = sourcecode.swift; path = ViewController.swift; sourceTree = "<group>"; };
		C0D32FDD1BC58A18000C92B8 /* Base */ = {isa = PBXFileReference; lastKnownFileType = file.storyboard; name = Base; path = Base.lproj/Main.storyboard; sourceTree = "<group>"; };
		C0D32FDF1BC58A18000C92B8 /* Assets.xcassets */ = {isa = PBXFileReference; lastKnownFileType = folder.assetcatalog; path = Assets.xcassets; sourceTree = "<group>"; };
		C0D32FE21BC58A18000C92B8 /* Base */ = {isa = PBXFileReference; lastKnownFileType = file.storyboard; name = Base; path = Base.lproj/LaunchScreen.storyboard; sourceTree = "<group>"; };
		C0D32FE41BC58A18000C92B8 /* Info.plist */ = {isa = PBXFileReference; lastKnownFileType = text.plist.xml; path = Info.plist; sourceTree = "<group>"; };
		C0D32FE91BC58A18000C92B8 /* ToDoListTests.xctest */ = {isa = PBXFileReference; explicitFileType = wrapper.cfbundle; includeInIndex = 0; path = ToDoListTests.xctest; sourceTree = BUILT_PRODUCTS_DIR; };
		C0D32FED1BC58A18000C92B8 /* ToDoListTests.swift */ = {isa = PBXFileReference; lastKnownFileType = sourcecode.swift; path = ToDoListTests.swift; sourceTree = "<group>"; };
		C0D32FEF1BC58A18000C92B8 /* Info.plist */ = {isa = PBXFileReference; lastKnownFileType = text.plist.xml; path = Info.plist; sourceTree = "<group>"; };
		C0D32FF41BC58A18000C92B8 /* ToDoListUITests.xctest */ = {isa = PBXFileReference; explicitFileType = wrapper.cfbundle; includeInIndex = 0; path = ToDoListUITests.xctest; sourceTree = BUILT_PRODUCTS_DIR; };
		C0D32FF81BC58A19000C92B8 /* ToDoListUITests.swift */ = {isa = PBXFileReference; lastKnownFileType = sourcecode.swift; path = ToDoListUITests.swift; sourceTree = "<group>"; };
		C0D32FFA1BC58A19000C92B8 /* Info.plist */ = {isa = PBXFileReference; lastKnownFileType = text.plist.xml; path = Info.plist; sourceTree = "<group>"; };
		C0D330061BC58AEC000C92B8 /* ToDoList.swift */ = {isa = PBXFileReference; fileEncoding = 4; lastKnownFileType = sourcecode.swift; path = ToDoList.swift; sourceTree = "<group>"; };
		C0D330081BC5EADF000C92B8 /* AddTaskViewController.swift */ = {isa = PBXFileReference; fileEncoding = 4; lastKnownFileType = sourcecode.swift; path = AddTaskViewController.swift; sourceTree = "<group>"; };
/* End PBXFileReference section */

/* Begin PBXFrameworksBuildPhase section */
		C0D32FD21BC58A18000C92B8 /* Frameworks */ = {
			isa = PBXFrameworksBuildPhase;
			buildActionMask = 2147483647;
			files = (
			);
			runOnlyForDeploymentPostprocessing = 0;
		};
		C0D32FE61BC58A18000C92B8 /* Frameworks */ = {
			isa = PBXFrameworksBuildPhase;
			buildActionMask = 2147483647;
			files = (
			);
			runOnlyForDeploymentPostprocessing = 0;
		};
		C0D32FF11BC58A18000C92B8 /* Frameworks */ = {
			isa = PBXFrameworksBuildPhase;
			buildActionMask = 2147483647;
			files = (
			);
			runOnlyForDeploymentPostprocessing = 0;
		};
/* End PBXFrameworksBuildPhase section */

/* Begin PBXGroup section */
		C0D32FCC1BC58A18000C92B8 = {
			isa = PBXGroup;
			children = (
				C0D32FD71BC58A18000C92B8 /* ToDoList */,
				C0D32FEC1BC58A18000C92B8 /* ToDoListTests */,
				C0D32FF71BC58A19000C92B8 /* ToDoListUITests */,
				C0D32FD61BC58A18000C92B8 /* Products */,
			);
			sourceTree = "<group>";
		};
		C0D32FD61BC58A18000C92B8 /* Products */ = {
			isa = PBXGroup;
			children = (
				C0D32FD51BC58A18000C92B8 /* ToDoList.app */,
				C0D32FE91BC58A18000C92B8 /* ToDoListTests.xctest */,
				C0D32FF41BC58A18000C92B8 /* ToDoListUITests.xctest */,
			);
			name = Products;
			sourceTree = "<group>";
		};
		C0D32FD71BC58A18000C92B8 /* ToDoList */ = {
			isa = PBXGroup;
			children = (
				C0D32FD81BC58A18000C92B8 /* AppDelegate.swift */,
				C0D32FDA1BC58A18000C92B8 /* ViewController.swift */,
				C0D330081BC5EADF000C92B8 /* AddTaskViewController.swift */,
				C0D330061BC58AEC000C92B8 /* ToDoList.swift */,
				C0D32FDC1BC58A18000C92B8 /* Main.storyboard */,
				C0D32FDF1BC58A18000C92B8 /* Assets.xcassets */,
				C0D32FE11BC58A18000C92B8 /* LaunchScreen.storyboard */,
				C0D32FE41BC58A18000C92B8 /* Info.plist */,
			);
			path = ToDoList;
			sourceTree = "<group>";
		};
		C0D32FEC1BC58A18000C92B8 /* ToDoListTests */ = {
			isa = PBXGroup;
			children = (
				C0D32FED1BC58A18000C92B8 /* ToDoListTests.swift */,
				C0D32FEF1BC58A18000C92B8 /* Info.plist */,
			);
			path = ToDoListTests;
			sourceTree = "<group>";
		};
		C0D32FF71BC58A19000C92B8 /* ToDoListUITests */ = {
			isa = PBXGroup;
			children = (
				C0D32FF81BC58A19000C92B8 /* ToDoListUITests.swift */,
				C0D32FFA1BC58A19000C92B8 /* Info.plist */,
			);
			path = ToDoListUITests;
			sourceTree = "<group>";
		};
/* End PBXGroup section */

/* Begin PBXNativeTarget section */
		C0D32FD41BC58A18000C92B8 /* ToDoList */ = {
			isa = PBXNativeTarget;
			buildConfigurationList = C0D32FFD1BC58A19000C92B8 /* Build configuration list for PBXNativeTarget "ToDoList" */;
			buildPhases = (
				C0D32FD11BC58A18000C92B8 /* Sources */,
				C0D32FD21BC58A18000C92B8 /* Frameworks */,
				C0D32FD31BC58A18000C92B8 /* Resources */,
			);
			buildRules = (
			);
			dependencies = (
			);
			name = ToDoList;
			productName = ToDoList;
			productReference = C0D32FD51BC58A18000C92B8 /* ToDoList.app */;
			productType = "com.apple.product-type.application";
		};
		C0D32FE81BC58A18000C92B8 /* ToDoListTests */ = {
			isa = PBXNativeTarget;
			buildConfigurationList = C0D330001BC58A19000C92B8 /* Build configuration list for PBXNativeTarget "ToDoListTests" */;
			buildPhases = (
				C0D32FE51BC58A18000C92B8 /* Sources */,
				C0D32FE61BC58A18000C92B8 /* Frameworks */,
				C0D32FE71BC58A18000C92B8 /* Resources */,
			);
			buildRules = (
			);
			dependencies = (
				C0D32FEB1BC58A18000C92B8 /* PBXTargetDependency */,
			);
			name = ToDoListTests;
			productName = ToDoListTests;
			productReference = C0D32FE91BC58A18000C92B8 /* ToDoListTests.xctest */;
			productType = "com.apple.product-type.bundle.unit-test";
		};
		C0D32FF31BC58A18000C92B8 /* ToDoListUITests */ = {
			isa = PBXNativeTarget;
			buildConfigurationList = C0D330031BC58A19000C92B8 /* Build configuration list for PBXNativeTarget "ToDoListUITests" */;
			buildPhases = (
				C0D32FF01BC58A18000C92B8 /* Sources */,
				C0D32FF11BC58A18000C92B8 /* Frameworks */,
				C0D32FF21BC58A18000C92B8 /* Resources */,
			);
			buildRules = (
			);
			dependencies = (
				C0D32FF61BC58A19000C92B8 /* PBXTargetDependency */,
			);
			name = ToDoListUITests;
			productName = ToDoListUITests;
			productReference = C0D32FF41BC58A18000C92B8 /* ToDoListUITests.xctest */;
			productType = "com.apple.product-type.bundle.ui-testing";
		};
/* End PBXNativeTarget section */

/* Begin PBXProject section */
		C0D32FCD1BC58A18000C92B8 /* Project object */ = {
			isa = PBXProject;
			attributes = {
				LastUpgradeCheck = 0700;
				ORGANIZATIONNAME = DonovanCotter;
				TargetAttributes = {
					C0D32FD41BC58A18000C92B8 = {
						CreatedOnToolsVersion = 7.0;
					};
					C0D32FE81BC58A18000C92B8 = {
						CreatedOnToolsVersion = 7.0;
						TestTargetID = C0D32FD41BC58A18000C92B8;
					};
					C0D32FF31BC58A18000C92B8 = {
						CreatedOnToolsVersion = 7.0;
						TestTargetID = C0D32FD41BC58A18000C92B8;
					};
				};
			};
			buildConfigurationList = C0D32FD01BC58A18000C92B8 /* Build configuration list for PBXProject "ToDoList" */;
			compatibilityVersion = "Xcode 3.2";
			developmentRegion = English;
			hasScannedForEncodings = 0;
			knownRegions = (
				en,
				Base,
			);
			mainGroup = C0D32FCC1BC58A18000C92B8;
			productRefGroup = C0D32FD61BC58A18000C92B8 /* Products */;
			projectDirPath = "";
			projectRoot = "";
			targets = (
				C0D32FD41BC58A18000C92B8 /* ToDoList */,
				C0D32FE81BC58A18000C92B8 /* ToDoListTests */,
				C0D32FF31BC58A18000C92B8 /* ToDoListUITests */,
			);
		};
/* End PBXProject section */

/* Begin PBXResourcesBuildPhase section */
		C0D32FD31BC58A18000C92B8 /* Resources */ = {
			isa = PBXResourcesBuildPhase;
			buildActionMask = 2147483647;
			files = (
				C0D32FE31BC58A18000C92B8 /* LaunchScreen.storyboard in Resources */,
				C0D32FE01BC58A18000C92B8 /* Assets.xcassets in Resources */,
				C0D32FDE1BC58A18000C92B8 /* Main.storyboard in Resources */,
			);
			runOnlyForDeploymentPostprocessing = 0;
		};
		C0D32FE71BC58A18000C92B8 /* Resources */ = {
			isa = PBXResourcesBuildPhase;
			buildActionMask = 2147483647;
			files = (
			);
			runOnlyForDeploymentPostprocessing = 0;
		};
		C0D32FF21BC58A18000C92B8 /* Resources */ = {
			isa = PBXResourcesBuildPhase;
			buildActionMask = 2147483647;
			files = (
			);
			runOnlyForDeploymentPostprocessing = 0;
		};
/* End PBXResourcesBuildPhase section */

/* Begin PBXSourcesBuildPhase section */
		C0D32FD11BC58A18000C92B8 /* Sources */ = {
			isa = PBXSourcesBuildPhase;
			buildActionMask = 2147483647;
			files = (
				C0D32FDB1BC58A18000C92B8 /* ViewController.swift in Sources */,
				C0D330091BC5EADF000C92B8 /* AddTaskViewController.swift in Sources */,
				C0D330071BC58AEC000C92B8 /* ToDoList.swift in Sources */,
				C0D32FD91BC58A18000C92B8 /* AppDelegate.swift in Sources */,
			);
			runOnlyForDeploymentPostprocessing = 0;
		};
		C0D32FE51BC58A18000C92B8 /* Sources */ = {
			isa = PBXSourcesBuildPhase;
			buildActionMask = 2147483647;
			files = (
				C0D32FEE1BC58A18000C92B8 /* ToDoListTests.swift in Sources */,
			);
			runOnlyForDeploymentPostprocessing = 0;
		};
		C0D32FF01BC58A18000C92B8 /* Sources */ = {
			isa = PBXSourcesBuildPhase;
			buildActionMask = 2147483647;
			files = (
				C0D32FF91BC58A19000C92B8 /* ToDoListUITests.swift in Sources */,
			);
			runOnlyForDeploymentPostprocessing = 0;
		};
/* End PBXSourcesBuildPhase section */

/* Begin PBXTargetDependency section */
		C0D32FEB1BC58A18000C92B8 /* PBXTargetDependency */ = {
			isa = PBXTargetDependency;
			target = C0D32FD41BC58A18000C92B8 /* ToDoList */;
			targetProxy = C0D32FEA1BC58A18000C92B8 /* PBXContainerItemProxy */;
		};
		C0D32FF61BC58A19000C92B8 /* PBXTargetDependency */ = {
			isa = PBXTargetDependency;
			target = C0D32FD41BC58A18000C92B8 /* ToDoList */;
			targetProxy = C0D32FF51BC58A19000C92B8 /* PBXContainerItemProxy */;
		};
/* End PBXTargetDependency section */

/* Begin PBXVariantGroup section */
		C0D32FDC1BC58A18000C92B8 /* Main.storyboard */ = {
			isa = PBXVariantGroup;
			children = (
				C0D32FDD1BC58A18000C92B8 /* Base */,
			);
			name = Main.storyboard;
			sourceTree = "<group>";
		};
		C0D32FE11BC58A18000C92B8 /* LaunchScreen.storyboard */ = {
			isa = PBXVariantGroup;
			children = (
				C0D32FE21BC58A18000C92B8 /* Base */,
			);
			name = LaunchScreen.storyboard;
			sourceTree = "<group>";
		};
/* End PBXVariantGroup section */

/* Begin XCBuildConfiguration section */
		C0D32FFB1BC58A19000C92B8 /* Debug */ = {
			isa = XCBuildConfiguration;
			buildSettings = {
				ALWAYS_SEARCH_USER_PATHS = NO;
				CLANG_CXX_LANGUAGE_STANDARD = "gnu++0x";
				CLANG_CXX_LIBRARY = "libc++";
				CLANG_ENABLE_MODULES = YES;
				CLANG_ENABLE_OBJC_ARC = YES;
				CLANG_WARN_BOOL_CONVERSION = YES;
				CLANG_WARN_CONSTANT_CONVERSION = YES;
				CLANG_WARN_DIRECT_OBJC_ISA_USAGE = YES_ERROR;
				CLANG_WARN_EMPTY_BODY = YES;
				CLANG_WARN_ENUM_CONVERSION = YES;
				CLANG_WARN_INT_CONVERSION = YES;
				CLANG_WARN_OBJC_ROOT_CLASS = YES_ERROR;
				CLANG_WARN_UNREACHABLE_CODE = YES;
				CLANG_WARN__DUPLICATE_METHOD_MATCH = YES;
				"CODE_SIGN_IDENTITY[sdk=iphoneos*]" = "iPhone Developer";
				COPY_PHASE_STRIP = NO;
				DEBUG_INFORMATION_FORMAT = dwarf;
				ENABLE_STRICT_OBJC_MSGSEND = YES;
				ENABLE_TESTABILITY = YES;
				GCC_C_LANGUAGE_STANDARD = gnu99;
				GCC_DYNAMIC_NO_PIC = NO;
				GCC_NO_COMMON_BLOCKS = YES;
				GCC_OPTIMIZATION_LEVEL = 0;
				GCC_PREPROCESSOR_DEFINITIONS = (
					"DEBUG=1",
					"$(inherited)",
				);
				GCC_WARN_64_TO_32_BIT_CONVERSION = YES;
				GCC_WARN_ABOUT_RETURN_TYPE = YES_ERROR;
				GCC_WARN_UNDECLARED_SELECTOR = YES;
				GCC_WARN_UNINITIALIZED_AUTOS = YES_AGGRESSIVE;
				GCC_WARN_UNUSED_FUNCTION = YES;
				GCC_WARN_UNUSED_VARIABLE = YES;
				IPHONEOS_DEPLOYMENT_TARGET = 9.0;
				MTL_ENABLE_DEBUG_INFO = YES;
				ONLY_ACTIVE_ARCH = YES;
				SDKROOT = iphoneos;
				SWIFT_OPTIMIZATION_LEVEL = "-Onone";
				TARGETED_DEVICE_FAMILY = "1,2";
			};
			name = Debug;
		};
		C0D32FFC1BC58A19000C92B8 /* Release */ = {
			isa = XCBuildConfiguration;
			buildSettings = {
				ALWAYS_SEARCH_USER_PATHS = NO;
				CLANG_CXX_LANGUAGE_STANDARD = "gnu++0x";
				CLANG_CXX_LIBRARY = "libc++";
				CLANG_ENABLE_MODULES = YES;
				CLANG_ENABLE_OBJC_ARC = YES;
				CLANG_WARN_BOOL_CONVERSION = YES;
				CLANG_WARN_CONSTANT_CONVERSION = YES;
				CLANG_WARN_DIRECT_OBJC_ISA_USAGE = YES_ERROR;
				CLANG_WARN_EMPTY_BODY = YES;
				CLANG_WARN_ENUM_CONVERSION = YES;
				CLANG_WARN_INT_CONVERSION = YES;
				CLANG_WARN_OBJC_ROOT_CLASS = YES_ERROR;
				CLANG_WARN_UNREACHABLE_CODE = YES;
				CLANG_WARN__DUPLICATE_METHOD_MATCH = YES;
				"CODE_SIGN_IDENTITY[sdk=iphoneos*]" = "iPhone Developer";
				COPY_PHASE_STRIP = NO;
				DEBUG_INFORMATION_FORMAT = "dwarf-with-dsym";
				ENABLE_NS_ASSERTIONS = NO;
				ENABLE_STRICT_OBJC_MSGSEND = YES;
				GCC_C_LANGUAGE_STANDARD = gnu99;
				GCC_NO_COMMON_BLOCKS = YES;
				GCC_WARN_64_TO_32_BIT_CONVERSION = YES;
				GCC_WARN_ABOUT_RETURN_TYPE = YES_ERROR;
				GCC_WARN_UNDECLARED_SELECTOR = YES;
				GCC_WARN_UNINITIALIZED_AUTOS = YES_AGGRESSIVE;
				GCC_WARN_UNUSED_FUNCTION = YES;
				GCC_WARN_UNUSED_VARIABLE = YES;
				IPHONEOS_DEPLOYMENT_TARGET = 9.0;
				MTL_ENABLE_DEBUG_INFO = NO;
				SDKROOT = iphoneos;
				TARGETED_DEVICE_FAMILY = "1,2";
				VALIDATE_PRODUCT = YES;
			};
			name = Release;
		};
		C0D32FFE1BC58A19000C92B8 /* Debug */ = {
			isa = XCBuildConfiguration;
			buildSettings = {
				ASSETCATALOG_COMPILER_APPICON_NAME = AppIcon;
				INFOPLIST_FILE = ToDoList/Info.plist;
				LD_RUNPATH_SEARCH_PATHS = "$(inherited) @executable_path/Frameworks";
				PRODUCT_BUNDLE_IDENTIFIER = com.donovan.cotter.ToDoList;
				PRODUCT_NAME = "$(TARGET_NAME)";
			};
			name = Debug;
		};
		C0D32FFF1BC58A19000C92B8 /* Release */ = {
			isa = XCBuildConfiguration;
			buildSettings = {
				ASSETCATALOG_COMPILER_APPICON_NAME = AppIcon;
				INFOPLIST_FILE = ToDoList/Info.plist;
				LD_RUNPATH_SEARCH_PATHS = "$(inherited) @executable_path/Frameworks";
				PRODUCT_BUNDLE_IDENTIFIER = com.donovan.cotter.ToDoList;
				PRODUCT_NAME = "$(TARGET_NAME)";
			};
			name = Release;
		};
		C0D330011BC58A19000C92B8 /* Debug */ = {
			isa = XCBuildConfiguration;
			buildSettings = {
				BUNDLE_LOADER = "$(TEST_HOST)";
				INFOPLIST_FILE = ToDoListTests/Info.plist;
				LD_RUNPATH_SEARCH_PATHS = "$(inherited) @executable_path/Frameworks @loader_path/Frameworks";
				PRODUCT_BUNDLE_IDENTIFIER = com.donovan.cotter.ToDoListTests;
				PRODUCT_NAME = "$(TARGET_NAME)";
				TEST_HOST = "$(BUILT_PRODUCTS_DIR)/ToDoList.app/ToDoList";
			};
			name = Debug;
		};
		C0D330021BC58A19000C92B8 /* Release */ = {
			isa = XCBuildConfiguration;
			buildSettings = {
				BUNDLE_LOADER = "$(TEST_HOST)";
				INFOPLIST_FILE = ToDoListTests/Info.plist;
				LD_RUNPATH_SEARCH_PATHS = "$(inherited) @executable_path/Frameworks @loader_path/Frameworks";
				PRODUCT_BUNDLE_IDENTIFIER = com.donovan.cotter.ToDoListTests;
				PRODUCT_NAME = "$(TARGET_NAME)";
				TEST_HOST = "$(BUILT_PRODUCTS_DIR)/ToDoList.app/ToDoList";
			};
			name = Release;
		};
		C0D330041BC58A19000C92B8 /* Debug */ = {
			isa = XCBuildConfiguration;
			buildSettings = {
				INFOPLIST_FILE = ToDoListUITests/Info.plist;
				LD_RUNPATH_SEARCH_PATHS = "$(inherited) @executable_path/Frameworks @loader_path/Frameworks";
				PRODUCT_BUNDLE_IDENTIFIER = com.donovan.cotter.ToDoListUITests;
				PRODUCT_NAME = "$(TARGET_NAME)";
				TEST_TARGET_NAME = ToDoList;
				USES_XCTRUNNER = YES;
			};
			name = Debug;
		};
		C0D330051BC58A19000C92B8 /* Release */ = {
			isa = XCBuildConfiguration;
			buildSettings = {
				INFOPLIST_FILE = ToDoListUITests/Info.plist;
				LD_RUNPATH_SEARCH_PATHS = "$(inherited) @executable_path/Frameworks @loader_path/Frameworks";
				PRODUCT_BUNDLE_IDENTIFIER = com.donovan.cotter.ToDoListUITests;
				PRODUCT_NAME = "$(TARGET_NAME)";
				TEST_TARGET_NAME = ToDoList;
				USES_XCTRUNNER = YES;
			};
			name = Release;
		};
/* End XCBuildConfiguration section */

/* Begin XCConfigurationList section */
		C0D32FD01BC58A18000C92B8 /* Build configuration list for PBXProject "ToDoList" */ = {
			isa = XCConfigurationList;
			buildConfigurations = (
				C0D32FFB1BC58A19000C92B8 /* Debug */,
				C0D32FFC1BC58A19000C92B8 /* Release */,
			);
			defaultConfigurationIsVisible = 0;
			defaultConfigurationName = Release;
		};
		C0D32FFD1BC58A19000C92B8 /* Build configuration list for PBXNativeTarget "ToDoList" */ = {
			isa = XCConfigurationList;
			buildConfigurations = (
				C0D32FFE1BC58A19000C92B8 /* Debug */,
				C0D32FFF1BC58A19000C92B8 /* Release */,
			);
			defaultConfigurationIsVisible = 0;
			defaultConfigurationName = Release;
		};
		C0D330001BC58A19000C92B8 /* Build configuration list for PBXNativeTarget "ToDoListTests" */ = {
			isa = XCConfigurationList;
			buildConfigurations = (
				C0D330011BC58A19000C92B8 /* Debug */,
				C0D330021BC58A19000C92B8 /* Release */,
			);
			defaultConfigurationIsVisible = 0;
			defaultConfigurationName = Release;
		};
		C0D330031BC58A19000C92B8 /* Build configuration list for PBXNativeTarget "ToDoListUITests" */ = {
			isa = XCConfigurationList;
			buildConfigurations = (
				C0D330041BC58A19000C92B8 /* Debug */,
				C0D330051BC58A19000C92B8 /* Release */,
			);
			defaultConfigurationIsVisible = 0;
			defaultConfigurationName = Release;
		};
/* End XCConfigurationList section */
	};
	rootObject = C0D32FCD1BC58A18000C92B8 /* Project object */;
}
